
Microsoft Visual Studio Solution File, Format Version 12.00
# Visual Studio Version 17
VisualStudioVersion = 17.11.35303.130
MinimumVisualStudioVersion = 10.0.40219.1
Project("{FAE04EC0-301F-11D3-BF4B-00C04F79EFBC}") = "phi3", "phi3\phi3.csproj", "{F73FB37C-3EB5-4579-9330-9FBB1C24001B}"
EndProject
Global
	GlobalSection(SolutionConfigurationPlatforms) = preSolution
		Debug|Any CPU = Debug|Any CPU
		Release|Any CPU = Release|Any CPU
	EndGlobalSection
	GlobalSection(ProjectConfigurationPlatforms) = postSolution
		{F73FB37C-3EB5-4579-9330-9FBB1C24001B}.Debug|Any CPU.ActiveCfg = Debug|Any CPU
		{F73FB37C-3EB5-4579-9330-9FBB1C24001B}.Debug|Any CPU.Build.0 = Debug|Any CPU
		{F73FB37C-3EB5-4579-9330-9FBB1C24001B}.Release|Any CPU.ActiveCfg = Release|Any CPU
		{F73FB37C-3EB5-4579-9330-9FBB1C24001B}.Release|Any CPU.Build.0 = Release|Any CPU
	EndGlobalSection
	GlobalSection(SolutionProperties) = preSolution
		HideSolutionNode = FALSE
	EndGlobalSection
	GlobalSection(ExtensibilityGlobals) = postSolution
		SolutionGuid = {21C2CBA7-B69D-450B-9784-264D94E309EB}
	EndGlobalSection
EndGlobal
